// !$*UTF8*$!
{
	archiveVersion = 1;
	classes = {
	};
	objectVersion = 50;
	objects = {

/* Begin PBXBuildFile section */
		5BEC343424F4133A002ED5B3 /* AppDelegate.swift in Sources */ = {isa = PBXBuildFile; fileRef = 5BEC343324F4133A002ED5B3 /* AppDelegate.swift */; };
		5BEC343624F4133A002ED5B3 /* SceneDelegate.swift in Sources */ = {isa = PBXBuildFile; fileRef = 5BEC343524F4133A002ED5B3 /* SceneDelegate.swift */; };
		5BEC343824F4133A002ED5B3 /* ViewController.swift in Sources */ = {isa = PBXBuildFile; fileRef = 5BEC343724F4133A002ED5B3 /* ViewController.swift */; };
		5BEC343B24F4133A002ED5B3 /* Main.storyboard in Resources */ = {isa = PBXBuildFile; fileRef = 5BEC343924F4133A002ED5B3 /* Main.storyboard */; };
		5BEC343D24F4133B002ED5B3 /* Assets.xcassets in Resources */ = {isa = PBXBuildFile; fileRef = 5BEC343C24F4133B002ED5B3 /* Assets.xcassets */; };
		5BEC344024F4133B002ED5B3 /* LaunchScreen.storyboard in Resources */ = {isa = PBXBuildFile; fileRef = 5BEC343E24F4133B002ED5B3 /* LaunchScreen.storyboard */; };
		5BEC344B24F4133B002ED5B3 /* Assignment3Tests.swift in Sources */ = {isa = PBXBuildFile; fileRef = 5BEC344A24F4133B002ED5B3 /* Assignment3Tests.swift */; };
		5BEC345624F4133B002ED5B3 /* Assignment3UITests.swift in Sources */ = {isa = PBXBuildFile; fileRef = 5BEC345524F4133B002ED5B3 /* Assignment3UITests.swift */; };
		5BEC346624F42C6E002ED5B3 /* Sacramento in Resources */ = {isa = PBXBuildFile; fileRef = 5BEC346524F42C6E002ED5B3 /* Sacramento */; };
		5BEC347B24F431A3002ED5B3 /* Prompt-ThinItalic.ttf in Resources */ = {isa = PBXBuildFile; fileRef = 5BEC346824F431A2002ED5B3 /* Prompt-ThinItalic.ttf */; };
		5BEC347C24F431A3002ED5B3 /* Prompt-BlackItalic.ttf in Resources */ = {isa = PBXBuildFile; fileRef = 5BEC346924F431A2002ED5B3 /* Prompt-BlackItalic.ttf */; };
		5BEC347D24F431A3002ED5B3 /* Prompt-ExtraLight.ttf in Resources */ = {isa = PBXBuildFile; fileRef = 5BEC346A24F431A2002ED5B3 /* Prompt-ExtraLight.ttf */; };
		5BEC347E24F431A3002ED5B3 /* Prompt-MediumItalic.ttf in Resources */ = {isa = PBXBuildFile; fileRef = 5BEC346B24F431A2002ED5B3 /* Prompt-MediumItalic.ttf */; };
		5BEC347F24F431A3002ED5B3 /* Prompt-BoldItalic.ttf in Resources */ = {isa = PBXBuildFile; fileRef = 5BEC346C24F431A2002ED5B3 /* Prompt-BoldItalic.ttf */; };
		5BEC348024F431A3002ED5B3 /* Prompt-Medium.ttf in Resources */ = {isa = PBXBuildFile; fileRef = 5BEC346D24F431A2002ED5B3 /* Prompt-Medium.ttf */; };
		5BEC348124F431A3002ED5B3 /* Prompt-Light.ttf in Resources */ = {isa = PBXBuildFile; fileRef = 5BEC346E24F431A2002ED5B3 /* Prompt-Light.ttf */; };
		5BEC348224F431A3002ED5B3 /* Prompt-ExtraBold.ttf in Resources */ = {isa = PBXBuildFile; fileRef = 5BEC346F24F431A2002ED5B3 /* Prompt-ExtraBold.ttf */; };
		5BEC348324F431A3002ED5B3 /* Prompt-Thin.ttf in Resources */ = {isa = PBXBuildFile; fileRef = 5BEC347024F431A2002ED5B3 /* Prompt-Thin.ttf */; };
		5BEC348424F431A3002ED5B3 /* Prompt-LightItalic.ttf in Resources */ = {isa = PBXBuildFile; fileRef = 5BEC347124F431A2002ED5B3 /* Prompt-LightItalic.ttf */; };
		5BEC348524F431A3002ED5B3 /* Prompt-Bold.ttf in Resources */ = {isa = PBXBuildFile; fileRef = 5BEC347224F431A2002ED5B3 /* Prompt-Bold.ttf */; };
		5BEC348624F431A3002ED5B3 /* Prompt-SemiBold.ttf in Resources */ = {isa = PBXBuildFile; fileRef = 5BEC347324F431A2002ED5B3 /* Prompt-SemiBold.ttf */; };
		5BEC348724F431A3002ED5B3 /* Prompt-Regular.ttf in Resources */ = {isa = PBXBuildFile; fileRef = 5BEC347424F431A2002ED5B3 /* Prompt-Regular.ttf */; };
		5BEC348824F431A3002ED5B3 /* Prompt-ExtraLightItalic.ttf in Resources */ = {isa = PBXBuildFile; fileRef = 5BEC347524F431A2002ED5B3 /* Prompt-ExtraLightItalic.ttf */; };
		5BEC348924F431A3002ED5B3 /* Prompt-SemiBoldItalic.ttf in Resources */ = {isa = PBXBuildFile; fileRef = 5BEC347624F431A2002ED5B3 /* Prompt-SemiBoldItalic.ttf */; };
		5BEC348A24F431A3002ED5B3 /* OFL.txt in Resources */ = {isa = PBXBuildFile; fileRef = 5BEC347724F431A2002ED5B3 /* OFL.txt */; };
		5BEC348B24F431A3002ED5B3 /* Prompt-ExtraBoldItalic.ttf in Resources */ = {isa = PBXBuildFile; fileRef = 5BEC347824F431A3002ED5B3 /* Prompt-ExtraBoldItalic.ttf */; };
		5BEC348C24F431A3002ED5B3 /* Prompt-Italic.ttf in Resources */ = {isa = PBXBuildFile; fileRef = 5BEC347924F431A3002ED5B3 /* Prompt-Italic.ttf */; };
		5BEC348D24F431A3002ED5B3 /* Prompt-Black.ttf in Resources */ = {isa = PBXBuildFile; fileRef = 5BEC347A24F431A3002ED5B3 /* Prompt-Black.ttf */; };
/* End PBXBuildFile section */

/* Begin PBXContainerItemProxy section */
		5BEC344724F4133B002ED5B3 /* PBXContainerItemProxy */ = {
			isa = PBXContainerItemProxy;
			containerPortal = 5BEC342824F4133A002ED5B3 /* Project object */;
			proxyType = 1;
			remoteGlobalIDString = 5BEC342F24F4133A002ED5B3;
			remoteInfo = Assignment3;
		};
		5BEC345224F4133B002ED5B3 /* PBXContainerItemProxy */ = {
			isa = PBXContainerItemProxy;
			containerPortal = 5BEC342824F4133A002ED5B3 /* Project object */;
			proxyType = 1;
			remoteGlobalIDString = 5BEC342F24F4133A002ED5B3;
			remoteInfo = Assignment3;
		};
/* End PBXContainerItemProxy section */

/* Begin PBXFileReference section */
		5BEC343024F4133A002ED5B3 /* Assignment3.app */ = {isa = PBXFileReference; explicitFileType = wrapper.application; includeInIndex = 0; path = Assignment3.app; sourceTree = BUILT_PRODUCTS_DIR; };
		5BEC343324F4133A002ED5B3 /* AppDelegate.swift */ = {isa = PBXFileReference; lastKnownFileType = sourcecode.swift; path = AppDelegate.swift; sourceTree = "<group>"; };
		5BEC343524F4133A002ED5B3 /* SceneDelegate.swift */ = {isa = PBXFileReference; lastKnownFileType = sourcecode.swift; path = SceneDelegate.swift; sourceTree = "<group>"; };
		5BEC343724F4133A002ED5B3 /* ViewController.swift */ = {isa = PBXFileReference; lastKnownFileType = sourcecode.swift; path = ViewController.swift; sourceTree = "<group>"; };
		5BEC343A24F4133A002ED5B3 /* Base */ = {isa = PBXFileReference; lastKnownFileType = file.storyboard; name = Base; path = Base.lproj/Main.storyboard; sourceTree = "<group>"; };
		5BEC343C24F4133B002ED5B3 /* Assets.xcassets */ = {isa = PBXFileReference; lastKnownFileType = folder.assetcatalog; path = Assets.xcassets; sourceTree = "<group>"; };
		5BEC343F24F4133B002ED5B3 /* Base */ = {isa = PBXFileReference; lastKnownFileType = file.storyboard; name = Base; path = Base.lproj/LaunchScreen.storyboard; sourceTree = "<group>"; };
		5BEC344124F4133B002ED5B3 /* Info.plist */ = {isa = PBXFileReference; lastKnownFileType = text.plist.xml; path = Info.plist; sourceTree = "<group>"; };
		5BEC344624F4133B002ED5B3 /* Assignment3Tests.xctest */ = {isa = PBXFileReference; explicitFileType = wrapper.cfbundle; includeInIndex = 0; path = Assignment3Tests.xctest; sourceTree = BUILT_PRODUCTS_DIR; };
		5BEC344A24F4133B002ED5B3 /* Assignment3Tests.swift */ = {isa = PBXFileReference; lastKnownFileType = sourcecode.swift; path = Assignment3Tests.swift; sourceTree = "<group>"; };
		5BEC344C24F4133B002ED5B3 /* Info.plist */ = {isa = PBXFileReference; lastKnownFileType = text.plist.xml; path = Info.plist; sourceTree = "<group>"; };
		5BEC345124F4133B002ED5B3 /* Assignment3UITests.xctest */ = {isa = PBXFileReference; explicitFileType = wrapper.cfbundle; includeInIndex = 0; path = Assignment3UITests.xctest; sourceTree = BUILT_PRODUCTS_DIR; };
		5BEC345524F4133B002ED5B3 /* Assignment3UITests.swift */ = {isa = PBXFileReference; lastKnownFileType = sourcecode.swift; path = Assignment3UITests.swift; sourceTree = "<group>"; };
		5BEC345724F4133B002ED5B3 /* Info.plist */ = {isa = PBXFileReference; lastKnownFileType = text.plist.xml; path = Info.plist; sourceTree = "<group>"; };
		5BEC346524F42C6E002ED5B3 /* Sacramento */ = {isa = PBXFileReference; lastKnownFileType = folder; path = Sacramento; sourceTree = "<group>"; };
		5BEC346824F431A2002ED5B3 /* Prompt-ThinItalic.ttf */ = {isa = PBXFileReference; lastKnownFileType = file; path = "Prompt-ThinItalic.ttf"; sourceTree = "<group>"; };
		5BEC346924F431A2002ED5B3 /* Prompt-BlackItalic.ttf */ = {isa = PBXFileReference; lastKnownFileType = file; path = "Prompt-BlackItalic.ttf"; sourceTree = "<group>"; };
		5BEC346A24F431A2002ED5B3 /* Prompt-ExtraLight.ttf */ = {isa = PBXFileReference; lastKnownFileType = file; path = "Prompt-ExtraLight.ttf"; sourceTree = "<group>"; };
		5BEC346B24F431A2002ED5B3 /* Prompt-MediumItalic.ttf */ = {isa = PBXFileReference; lastKnownFileType = file; path = "Prompt-MediumItalic.ttf"; sourceTree = "<group>"; };
		5BEC346C24F431A2002ED5B3 /* Prompt-BoldItalic.ttf */ = {isa = PBXFileReference; lastKnownFileType = file; path = "Prompt-BoldItalic.ttf"; sourceTree = "<group>"; };
		5BEC346D24F431A2002ED5B3 /* Prompt-Medium.ttf */ = {isa = PBXFileReference; lastKnownFileType = file; path = "Prompt-Medium.ttf"; sourceTree = "<group>"; };
		5BEC346E24F431A2002ED5B3 /* Prompt-Light.ttf */ = {isa = PBXFileReference; lastKnownFileType = file; path = "Prompt-Light.ttf"; sourceTree = "<group>"; };
		5BEC346F24F431A2002ED5B3 /* Prompt-ExtraBold.ttf */ = {isa = PBXFileReference; lastKnownFileType = file; path = "Prompt-ExtraBold.ttf"; sourceTree = "<group>"; };
		5BEC347024F431A2002ED5B3 /* Prompt-Thin.ttf */ = {isa = PBXFileReference; lastKnownFileType = file; path = "Prompt-Thin.ttf"; sourceTree = "<group>"; };
		5BEC347124F431A2002ED5B3 /* Prompt-LightItalic.ttf */ = {isa = PBXFileReference; lastKnownFileType = file; path = "Prompt-LightItalic.ttf"; sourceTree = "<group>"; };
		5BEC347224F431A2002ED5B3 /* Prompt-Bold.ttf */ = {isa = PBXFileReference; lastKnownFileType = file; path = "Prompt-Bold.ttf"; sourceTree = "<group>"; };
		5BEC347324F431A2002ED5B3 /* Prompt-SemiBold.ttf */ = {isa = PBXFileReference; lastKnownFileType = file; path = "Prompt-SemiBold.ttf"; sourceTree = "<group>"; };
		5BEC347424F431A2002ED5B3 /* Prompt-Regular.ttf */ = {isa = PBXFileReference; lastKnownFileType = file; path = "Prompt-Regular.ttf"; sourceTree = "<group>"; };
		5BEC347524F431A2002ED5B3 /* Prompt-ExtraLightItalic.ttf */ = {isa = PBXFileReference; lastKnownFileType = file; path = "Prompt-ExtraLightItalic.ttf"; sourceTree = "<group>"; };
		5BEC347624F431A2002ED5B3 /* Prompt-SemiBoldItalic.ttf */ = {isa = PBXFileReference; lastKnownFileType = file; path = "Prompt-SemiBoldItalic.ttf"; sourceTree = "<group>"; };
		5BEC347724F431A2002ED5B3 /* OFL.txt */ = {isa = PBXFileReference; fileEncoding = 4; lastKnownFileType = text; path = OFL.txt; sourceTree = "<group>"; };
		5BEC347824F431A3002ED5B3 /* Prompt-ExtraBoldItalic.ttf */ = {isa = PBXFileReference; lastKnownFileType = file; path = "Prompt-ExtraBoldItalic.ttf"; sourceTree = "<group>"; };
		5BEC347924F431A3002ED5B3 /* Prompt-Italic.ttf */ = {isa = PBXFileReference; lastKnownFileType = file; path = "Prompt-Italic.ttf"; sourceTree = "<group>"; };
		5BEC347A24F431A3002ED5B3 /* Prompt-Black.ttf */ = {isa = PBXFileReference; lastKnownFileType = file; path = "Prompt-Black.ttf"; sourceTree = "<group>"; };
/* End PBXFileReference section */

/* Begin PBXFrameworksBuildPhase section */
		5BEC342D24F4133A002ED5B3 /* Frameworks */ = {
			isa = PBXFrameworksBuildPhase;
			buildActionMask = 2147483647;
			files = (
			);
			runOnlyForDeploymentPostprocessing = 0;
		};
		5BEC344324F4133B002ED5B3 /* Frameworks */ = {
			isa = PBXFrameworksBuildPhase;
			buildActionMask = 2147483647;
			files = (
			);
			runOnlyForDeploymentPostprocessing = 0;
		};
		5BEC344E24F4133B002ED5B3 /* Frameworks */ = {
			isa = PBXFrameworksBuildPhase;
			buildActionMask = 2147483647;
			files = (
			);
			runOnlyForDeploymentPostprocessing = 0;
		};
/* End PBXFrameworksBuildPhase section */

/* Begin PBXGroup section */
		5BEC342724F4133A002ED5B3 = {
			isa = PBXGroup;
			children = (
				5BEC343224F4133A002ED5B3 /* Assignment3 */,
				5BEC344924F4133B002ED5B3 /* Assignment3Tests */,
				5BEC345424F4133B002ED5B3 /* Assignment3UITests */,
				5BEC343124F4133A002ED5B3 /* Products */,
			);
			sourceTree = "<group>";
		};
		5BEC343124F4133A002ED5B3 /* Products */ = {
			isa = PBXGroup;
			children = (
				5BEC343024F4133A002ED5B3 /* Assignment3.app */,
				5BEC344624F4133B002ED5B3 /* Assignment3Tests.xctest */,
				5BEC345124F4133B002ED5B3 /* Assignment3UITests.xctest */,
			);
			name = Products;
			sourceTree = "<group>";
		};
		5BEC343224F4133A002ED5B3 /* Assignment3 */ = {
			isa = PBXGroup;
			children = (
				5BEC343324F4133A002ED5B3 /* AppDelegate.swift */,
				5BEC343524F4133A002ED5B3 /* SceneDelegate.swift */,
				5BEC343724F4133A002ED5B3 /* ViewController.swift */,
				5BEC343924F4133A002ED5B3 /* Main.storyboard */,
				5BEC343C24F4133B002ED5B3 /* Assets.xcassets */,
				5BEC346724F431A2002ED5B3 /* Prompt */,
				5BEC346524F42C6E002ED5B3 /* Sacramento */,
				5BEC343E24F4133B002ED5B3 /* LaunchScreen.storyboard */,
				5BEC344124F4133B002ED5B3 /* Info.plist */,
			);
			path = Assignment3;
			sourceTree = "<group>";
		};
		5BEC344924F4133B002ED5B3 /* Assignment3Tests */ = {
			isa = PBXGroup;
			children = (
				5BEC344A24F4133B002ED5B3 /* Assignment3Tests.swift */,
				5BEC344C24F4133B002ED5B3 /* Info.plist */,
			);
			path = Assignment3Tests;
			sourceTree = "<group>";
		};
		5BEC345424F4133B002ED5B3 /* Assignment3UITests */ = {
			isa = PBXGroup;
			children = (
				5BEC345524F4133B002ED5B3 /* Assignment3UITests.swift */,
				5BEC345724F4133B002ED5B3 /* Info.plist */,
			);
			path = Assignment3UITests;
			sourceTree = "<group>";
		};
		5BEC346724F431A2002ED5B3 /* Prompt */ = {
			isa = PBXGroup;
			children = (
				5BEC346824F431A2002ED5B3 /* Prompt-ThinItalic.ttf */,
				5BEC346924F431A2002ED5B3 /* Prompt-BlackItalic.ttf */,
				5BEC346A24F431A2002ED5B3 /* Prompt-ExtraLight.ttf */,
				5BEC346B24F431A2002ED5B3 /* Prompt-MediumItalic.ttf */,
				5BEC346C24F431A2002ED5B3 /* Prompt-BoldItalic.ttf */,
				5BEC346D24F431A2002ED5B3 /* Prompt-Medium.ttf */,
				5BEC346E24F431A2002ED5B3 /* Prompt-Light.ttf */,
				5BEC346F24F431A2002ED5B3 /* Prompt-ExtraBold.ttf */,
				5BEC347024F431A2002ED5B3 /* Prompt-Thin.ttf */,
				5BEC347124F431A2002ED5B3 /* Prompt-LightItalic.ttf */,
				5BEC347224F431A2002ED5B3 /* Prompt-Bold.ttf */,
				5BEC347324F431A2002ED5B3 /* Prompt-SemiBold.ttf */,
				5BEC347424F431A2002ED5B3 /* Prompt-Regular.ttf */,
				5BEC347524F431A2002ED5B3 /* Prompt-ExtraLightItalic.ttf */,
				5BEC347624F431A2002ED5B3 /* Prompt-SemiBoldItalic.ttf */,
				5BEC347724F431A2002ED5B3 /* OFL.txt */,
				5BEC347824F431A3002ED5B3 /* Prompt-ExtraBoldItalic.ttf */,
				5BEC347924F431A3002ED5B3 /* Prompt-Italic.ttf */,
				5BEC347A24F431A3002ED5B3 /* Prompt-Black.ttf */,
			);
			path = Prompt;
			sourceTree = "<group>";
		};
/* End PBXGroup section */

/* Begin PBXNativeTarget section */
		5BEC342F24F4133A002ED5B3 /* Assignment3 */ = {
			isa = PBXNativeTarget;
			buildConfigurationList = 5BEC345A24F4133B002ED5B3 /* Build configuration list for PBXNativeTarget "Assignment3" */;
			buildPhases = (
				5BEC342C24F4133A002ED5B3 /* Sources */,
				5BEC342D24F4133A002ED5B3 /* Frameworks */,
				5BEC342E24F4133A002ED5B3 /* Resources */,
			);
			buildRules = (
			);
			dependencies = (
			);
			name = Assignment3;
			productName = Assignment3;
			productReference = 5BEC343024F4133A002ED5B3 /* Assignment3.app */;
			productType = "com.apple.product-type.application";
		};
		5BEC344524F4133B002ED5B3 /* Assignment3Tests */ = {
			isa = PBXNativeTarget;
			buildConfigurationList = 5BEC345D24F4133B002ED5B3 /* Build configuration list for PBXNativeTarget "Assignment3Tests" */;
			buildPhases = (
				5BEC344224F4133B002ED5B3 /* Sources */,
				5BEC344324F4133B002ED5B3 /* Frameworks */,
				5BEC344424F4133B002ED5B3 /* Resources */,
			);
			buildRules = (
			);
			dependencies = (
				5BEC344824F4133B002ED5B3 /* PBXTargetDependency */,
			);
			name = Assignment3Tests;
			productName = Assignment3Tests;
			productReference = 5BEC344624F4133B002ED5B3 /* Assignment3Tests.xctest */;
			productType = "com.apple.product-type.bundle.unit-test";
		};
		5BEC345024F4133B002ED5B3 /* Assignment3UITests */ = {
			isa = PBXNativeTarget;
			buildConfigurationList = 5BEC346024F4133B002ED5B3 /* Build configuration list for PBXNativeTarget "Assignment3UITests" */;
			buildPhases = (
				5BEC344D24F4133B002ED5B3 /* Sources */,
				5BEC344E24F4133B002ED5B3 /* Frameworks */,
				5BEC344F24F4133B002ED5B3 /* Resources */,
			);
			buildRules = (
			);
			dependencies = (
				5BEC345324F4133B002ED5B3 /* PBXTargetDependency */,
			);
			name = Assignment3UITests;
			productName = Assignment3UITests;
			productReference = 5BEC345124F4133B002ED5B3 /* Assignment3UITests.xctest */;
			productType = "com.apple.product-type.bundle.ui-testing";
		};
/* End PBXNativeTarget section */

/* Begin PBXProject section */
		5BEC342824F4133A002ED5B3 /* Project object */ = {
			isa = PBXProject;
			attributes = {
				LastSwiftUpdateCheck = 1160;
				LastUpgradeCheck = 1160;
				ORGANIZATIONNAME = "Suhaas Choppavarapu";
				TargetAttributes = {
					5BEC342F24F4133A002ED5B3 = {
						CreatedOnToolsVersion = 11.6;
					};
					5BEC344524F4133B002ED5B3 = {
						CreatedOnToolsVersion = 11.6;
						TestTargetID = 5BEC342F24F4133A002ED5B3;
					};
					5BEC345024F4133B002ED5B3 = {
						CreatedOnToolsVersion = 11.6;
						TestTargetID = 5BEC342F24F4133A002ED5B3;
					};
				};
			};
			buildConfigurationList = 5BEC342B24F4133A002ED5B3 /* Build configuration list for PBXProject "Assignment3" */;
			compatibilityVersion = "Xcode 9.3";
			developmentRegion = en;
			hasScannedForEncodings = 0;
			knownRegions = (
				en,
				Base,
			);
			mainGroup = 5BEC342724F4133A002ED5B3;
			productRefGroup = 5BEC343124F4133A002ED5B3 /* Products */;
			projectDirPath = "";
			projectRoot = "";
			targets = (
				5BEC342F24F4133A002ED5B3 /* Assignment3 */,
				5BEC344524F4133B002ED5B3 /* Assignment3Tests */,
				5BEC345024F4133B002ED5B3 /* Assignment3UITests */,
			);
		};
/* End PBXProject section */

/* Begin PBXResourcesBuildPhase section */
		5BEC342E24F4133A002ED5B3 /* Resources */ = {
			isa = PBXResourcesBuildPhase;
			buildActionMask = 2147483647;
			files = (
				5BEC348224F431A3002ED5B3 /* Prompt-ExtraBold.ttf in Resources */,
				5BEC344024F4133B002ED5B3 /* LaunchScreen.storyboard in Resources */,
				5BEC348324F431A3002ED5B3 /* Prompt-Thin.ttf in Resources */,
				5BEC347E24F431A3002ED5B3 /* Prompt-MediumItalic.ttf in Resources */,
				5BEC348824F431A3002ED5B3 /* Prompt-ExtraLightItalic.ttf in Resources */,
				5BEC348724F431A3002ED5B3 /* Prompt-Regular.ttf in Resources */,
				5BEC348C24F431A3002ED5B3 /* Prompt-Italic.ttf in Resources */,
				5BEC343D24F4133B002ED5B3 /* Assets.xcassets in Resources */,
				5BEC348124F431A3002ED5B3 /* Prompt-Light.ttf in Resources */,
				5BEC348024F431A3002ED5B3 /* Prompt-Medium.ttf in Resources */,
				5BEC348424F431A3002ED5B3 /* Prompt-LightItalic.ttf in Resources */,
				5BEC348A24F431A3002ED5B3 /* OFL.txt in Resources */,
				5BEC348524F431A3002ED5B3 /* Prompt-Bold.ttf in Resources */,
				5BEC348D24F431A3002ED5B3 /* Prompt-Black.ttf in Resources */,
				5BEC347B24F431A3002ED5B3 /* Prompt-ThinItalic.ttf in Resources */,
				5BEC343B24F4133A002ED5B3 /* Main.storyboard in Resources */,
				5BEC347C24F431A3002ED5B3 /* Prompt-BlackItalic.ttf in Resources */,
				5BEC346624F42C6E002ED5B3 /* Sacramento in Resources */,
				5BEC348624F431A3002ED5B3 /* Prompt-SemiBold.ttf in Resources */,
				5BEC348B24F431A3002ED5B3 /* Prompt-ExtraBoldItalic.ttf in Resources */,
				5BEC347F24F431A3002ED5B3 /* Prompt-BoldItalic.ttf in Resources */,
				5BEC348924F431A3002ED5B3 /* Prompt-SemiBoldItalic.ttf in Resources */,
				5BEC347D24F431A3002ED5B3 /* Prompt-ExtraLight.ttf in Resources */,
			);
			runOnlyForDeploymentPostprocessing = 0;
		};
		5BEC344424F4133B002ED5B3 /* Resources */ = {
			isa = PBXResourcesBuildPhase;
			buildActionMask = 2147483647;
			files = (
			);
			runOnlyForDeploymentPostprocessing = 0;
		};
		5BEC344F24F4133B002ED5B3 /* Resources */ = {
			isa = PBXResourcesBuildPhase;
			buildActionMask = 2147483647;
			files = (
			);
			runOnlyForDeploymentPostprocessing = 0;
		};
/* End PBXResourcesBuildPhase section */

/* Begin PBXSourcesBuildPhase section */
		5BEC342C24F4133A002ED5B3 /* Sources */ = {
			isa = PBXSourcesBuildPhase;
			buildActionMask = 2147483647;
			files = (
				5BEC343824F4133A002ED5B3 /* ViewController.swift in Sources */,
				5BEC343424F4133A002ED5B3 /* AppDelegate.swift in Sources */,
				5BEC343624F4133A002ED5B3 /* SceneDelegate.swift in Sources */,
			);
			runOnlyForDeploymentPostprocessing = 0;
		};
		5BEC344224F4133B002ED5B3 /* Sources */ = {
			isa = PBXSourcesBuildPhase;
			buildActionMask = 2147483647;
			files = (
				5BEC344B24F4133B002ED5B3 /* Assignment3Tests.swift in Sources */,
			);
			runOnlyForDeploymentPostprocessing = 0;
		};
		5BEC344D24F4133B002ED5B3 /* Sources */ = {
			isa = PBXSourcesBuildPhase;
			buildActionMask = 2147483647;
			files = (
				5BEC345624F4133B002ED5B3 /* Assignment3UITests.swift in Sources */,
			);
			runOnlyForDeploymentPostprocessing = 0;
		};
/* End PBXSourcesBuildPhase section */

/* Begin PBXTargetDependency section */
		5BEC344824F4133B002ED5B3 /* PBXTargetDependency */ = {
			isa = PBXTargetDependency;
			target = 5BEC342F24F4133A002ED5B3 /* Assignment3 */;
			targetProxy = 5BEC344724F4133B002ED5B3 /* PBXContainerItemProxy */;
		};
		5BEC345324F4133B002ED5B3 /* PBXTargetDependency */ = {
			isa = PBXTargetDependency;
			target = 5BEC342F24F4133A002ED5B3 /* Assignment3 */;
			targetProxy = 5BEC345224F4133B002ED5B3 /* PBXContainerItemProxy */;
		};
/* End PBXTargetDependency section */

/* Begin PBXVariantGroup section */
		5BEC343924F4133A002ED5B3 /* Main.storyboard */ = {
			isa = PBXVariantGroup;
			children = (
				5BEC343A24F4133A002ED5B3 /* Base */,
			);
			name = Main.storyboard;
			sourceTree = "<group>";
		};
		5BEC343E24F4133B002ED5B3 /* LaunchScreen.storyboard */ = {
			isa = PBXVariantGroup;
			children = (
				5BEC343F24F4133B002ED5B3 /* Base */,
			);
			name = LaunchScreen.storyboard;
			sourceTree = "<group>";
		};
/* End PBXVariantGroup section */

/* Begin XCBuildConfiguration section */
		5BEC345824F4133B002ED5B3 /* Debug */ = {
			isa = XCBuildConfiguration;
			buildSettings = {
				ALWAYS_SEARCH_USER_PATHS = NO;
				CLANG_ANALYZER_NONNULL = YES;
				CLANG_ANALYZER_NUMBER_OBJECT_CONVERSION = YES_AGGRESSIVE;
				CLANG_CXX_LANGUAGE_STANDARD = "gnu++14";
				CLANG_CXX_LIBRARY = "libc++";
				CLANG_ENABLE_MODULES = YES;
				CLANG_ENABLE_OBJC_ARC = YES;
				CLANG_ENABLE_OBJC_WEAK = YES;
				CLANG_WARN_BLOCK_CAPTURE_AUTORELEASING = YES;
				CLANG_WARN_BOOL_CONVERSION = YES;
				CLANG_WARN_COMMA = YES;
				CLANG_WARN_CONSTANT_CONVERSION = YES;
				CLANG_WARN_DEPRECATED_OBJC_IMPLEMENTATIONS = YES;
				CLANG_WARN_DIRECT_OBJC_ISA_USAGE = YES_ERROR;
				CLANG_WARN_DOCUMENTATION_COMMENTS = YES;
				CLANG_WARN_EMPTY_BODY = YES;
				CLANG_WARN_ENUM_CONVERSION = YES;
				CLANG_WARN_INFINITE_RECURSION = YES;
				CLANG_WARN_INT_CONVERSION = YES;
				CLANG_WARN_NON_LITERAL_NULL_CONVERSION = YES;
				CLANG_WARN_OBJC_IMPLICIT_RETAIN_SELF = YES;
				CLANG_WARN_OBJC_LITERAL_CONVERSION = YES;
				CLANG_WARN_OBJC_ROOT_CLASS = YES_ERROR;
				CLANG_WARN_RANGE_LOOP_ANALYSIS = YES;
				CLANG_WARN_STRICT_PROTOTYPES = YES;
				CLANG_WARN_SUSPICIOUS_MOVE = YES;
				CLANG_WARN_UNGUARDED_AVAILABILITY = YES_AGGRESSIVE;
				CLANG_WARN_UNREACHABLE_CODE = YES;
				CLANG_WARN__DUPLICATE_METHOD_MATCH = YES;
				COPY_PHASE_STRIP = NO;
				DEBUG_INFORMATION_FORMAT = dwarf;
				ENABLE_STRICT_OBJC_MSGSEND = YES;
				ENABLE_TESTABILITY = YES;
				GCC_C_LANGUAGE_STANDARD = gnu11;
				GCC_DYNAMIC_NO_PIC = NO;
				GCC_NO_COMMON_BLOCKS = YES;
				GCC_OPTIMIZATION_LEVEL = 0;
				GCC_PREPROCESSOR_DEFINITIONS = (
					"DEBUG=1",
					"$(inherited)",
				);
				GCC_WARN_64_TO_32_BIT_CONVERSION = YES;
				GCC_WARN_ABOUT_RETURN_TYPE = YES_ERROR;
				GCC_WARN_UNDECLARED_SELECTOR = YES;
				GCC_WARN_UNINITIALIZED_AUTOS = YES_AGGRESSIVE;
				GCC_WARN_UNUSED_FUNCTION = YES;
				GCC_WARN_UNUSED_VARIABLE = YES;
				IPHONEOS_DEPLOYMENT_TARGET = 13.6;
				MTL_ENABLE_DEBUG_INFO = INCLUDE_SOURCE;
				MTL_FAST_MATH = YES;
				ONLY_ACTIVE_ARCH = YES;
				SDKROOT = iphoneos;
				SWIFT_ACTIVE_COMPILATION_CONDITIONS = DEBUG;
				SWIFT_OPTIMIZATION_LEVEL = "-Onone";
			};
			name = Debug;
		};
		5BEC345924F4133B002ED5B3 /* Release */ = {
			isa = XCBuildConfiguration;
			buildSettings = {
				ALWAYS_SEARCH_USER_PATHS = NO;
				CLANG_ANALYZER_NONNULL = YES;
				CLANG_ANALYZER_NUMBER_OBJECT_CONVERSION = YES_AGGRESSIVE;
				CLANG_CXX_LANGUAGE_STANDARD = "gnu++14";
				CLANG_CXX_LIBRARY = "libc++";
				CLANG_ENABLE_MODULES = YES;
				CLANG_ENABLE_OBJC_ARC = YES;
				CLANG_ENABLE_OBJC_WEAK = YES;
				CLANG_WARN_BLOCK_CAPTURE_AUTORELEASING = YES;
				CLANG_WARN_BOOL_CONVERSION = YES;
				CLANG_WARN_COMMA = YES;
				CLANG_WARN_CONSTANT_CONVERSION = YES;
				CLANG_WARN_DEPRECATED_OBJC_IMPLEMENTATIONS = YES;
				CLANG_WARN_DIRECT_OBJC_ISA_USAGE = YES_ERROR;
				CLANG_WARN_DOCUMENTATION_COMMENTS = YES;
				CLANG_WARN_EMPTY_BODY = YES;
				CLANG_WARN_ENUM_CONVERSION = YES;
				CLANG_WARN_INFINITE_RECURSION = YES;
				CLANG_WARN_INT_CONVERSION = YES;
				CLANG_WARN_NON_LITERAL_NULL_CONVERSION = YES;
				CLANG_WARN_OBJC_IMPLICIT_RETAIN_SELF = YES;
				CLANG_WARN_OBJC_LITERAL_CONVERSION = YES;
				CLANG_WARN_OBJC_ROOT_CLASS = YES_ERROR;
				CLANG_WARN_RANGE_LOOP_ANALYSIS = YES;
				CLANG_WARN_STRICT_PROTOTYPES = YES;
				CLANG_WARN_SUSPICIOUS_MOVE = YES;
				CLANG_WARN_UNGUARDED_AVAILABILITY = YES_AGGRESSIVE;
				CLANG_WARN_UNREACHABLE_CODE = YES;
				CLANG_WARN__DUPLICATE_METHOD_MATCH = YES;
				COPY_PHASE_STRIP = NO;
				DEBUG_INFORMATION_FORMAT = "dwarf-with-dsym";
				ENABLE_NS_ASSERTIONS = NO;
				ENABLE_STRICT_OBJC_MSGSEND = YES;
				GCC_C_LANGUAGE_STANDARD = gnu11;
				GCC_NO_COMMON_BLOCKS = YES;
				GCC_WARN_64_TO_32_BIT_CONVERSION = YES;
				GCC_WARN_ABOUT_RETURN_TYPE = YES_ERROR;
				GCC_WARN_UNDECLARED_SELECTOR = YES;
				GCC_WARN_UNINITIALIZED_AUTOS = YES_AGGRESSIVE;
				GCC_WARN_UNUSED_FUNCTION = YES;
				GCC_WARN_UNUSED_VARIABLE = YES;
				IPHONEOS_DEPLOYMENT_TARGET = 13.6;
				MTL_ENABLE_DEBUG_INFO = NO;
				MTL_FAST_MATH = YES;
				SDKROOT = iphoneos;
				SWIFT_COMPILATION_MODE = wholemodule;
				SWIFT_OPTIMIZATION_LEVEL = "-O";
				VALIDATE_PRODUCT = YES;
			};
			name = Release;
		};
		5BEC345B24F4133B002ED5B3 /* Debug */ = {
			isa = XCBuildConfiguration;
			buildSettings = {
				ASSETCATALOG_COMPILER_APPICON_NAME = AppIcon;
				CODE_SIGN_STYLE = Automatic;
				INFOPLIST_FILE = Assignment3/Info.plist;
				LD_RUNPATH_SEARCH_PATHS = (
					"$(inherited)",
					"@executable_path/Frameworks",
				);
				PRODUCT_BUNDLE_IDENTIFIER = SMLogics.Assignment3;
				PRODUCT_NAME = "$(TARGET_NAME)";
				SWIFT_VERSION = 5.0;
				TARGETED_DEVICE_FAMILY = "1,2";
			};
			name = Debug;
		};
		5BEC345C24F4133B002ED5B3 /* Release */ = {
			isa = XCBuildConfiguration;
			buildSettings = {
				ASSETCATALOG_COMPILER_APPICON_NAME = AppIcon;
				CODE_SIGN_STYLE = Automatic;
				INFOPLIST_FILE = Assignment3/Info.plist;
				LD_RUNPATH_SEARCH_PATHS = (
					"$(inherited)",
					"@executable_path/Frameworks",
				);
				PRODUCT_BUNDLE_IDENTIFIER = SMLogics.Assignment3;
				PRODUCT_NAME = "$(TARGET_NAME)";
				SWIFT_VERSION = 5.0;
				TARGETED_DEVICE_FAMILY = "1,2";
			};
			name = Release;
		};
		5BEC345E24F4133B002ED5B3 /* Debug */ = {
			isa = XCBuildConfiguration;
			buildSettings = {
				ALWAYS_EMBED_SWIFT_STANDARD_LIBRARIES = YES;
				BUNDLE_LOADER = "$(TEST_HOST)";
				CODE_SIGN_STYLE = Automatic;
				INFOPLIST_FILE = Assignment3Tests/Info.plist;
				IPHONEOS_DEPLOYMENT_TARGET = 13.6;
				LD_RUNPATH_SEARCH_PATHS = (
					"$(inherited)",
					"@executable_path/Frameworks",
					"@loader_path/Frameworks",
				);
				PRODUCT_BUNDLE_IDENTIFIER = SMLogics.Assignment3Tests;
				PRODUCT_NAME = "$(TARGET_NAME)";
				SWIFT_VERSION = 5.0;
				TARGETED_DEVICE_FAMILY = "1,2";
				TEST_HOST = "$(BUILT_PRODUCTS_DIR)/Assignment3.app/Assignment3";
			};
			name = Debug;
		};
		5BEC345F24F4133B002ED5B3 /* Release */ = {
			isa = XCBuildConfiguration;
			buildSettings = {
				ALWAYS_EMBED_SWIFT_STANDARD_LIBRARIES = YES;
				BUNDLE_LOADER = "$(TEST_HOST)";
				CODE_SIGN_STYLE = Automatic;
				INFOPLIST_FILE = Assignment3Tests/Info.plist;
				IPHONEOS_DEPLOYMENT_TARGET = 13.6;
				LD_RUNPATH_SEARCH_PATHS = (
					"$(inherited)",
					"@executable_path/Frameworks",
					"@loader_path/Frameworks",
				);
				PRODUCT_BUNDLE_IDENTIFIER = SMLogics.Assignment3Tests;
				PRODUCT_NAME = "$(TARGET_NAME)";
				SWIFT_VERSION = 5.0;
				TARGETED_DEVICE_FAMILY = "1,2";
				TEST_HOST = "$(BUILT_PRODUCTS_DIR)/Assignment3.app/Assignment3";
			};
			name = Release;
		};
		5BEC346124F4133B002ED5B3 /* Debug */ = {
			isa = XCBuildConfiguration;
			buildSettings = {
				ALWAYS_EMBED_SWIFT_STANDARD_LIBRARIES = YES;
				CODE_SIGN_STYLE = Automatic;
				INFOPLIST_FILE = Assignment3UITests/Info.plist;
				LD_RUNPATH_SEARCH_PATHS = (
					"$(inherited)",
					"@executable_path/Frameworks",
					"@loader_path/Frameworks",
				);
				PRODUCT_BUNDLE_IDENTIFIER = SMLogics.Assignment3UITests;
				PRODUCT_NAME = "$(TARGET_NAME)";
				SWIFT_VERSION = 5.0;
				TARGETED_DEVICE_FAMILY = "1,2";
				TEST_TARGET_NAME = Assignment3;
			};
			name = Debug;
		};
		5BEC346224F4133B002ED5B3 /* Release */ = {
			isa = XCBuildConfiguration;
			buildSettings = {
				ALWAYS_EMBED_SWIFT_STANDARD_LIBRARIES = YES;
				CODE_SIGN_STYLE = Automatic;
				INFOPLIST_FILE = Assignment3UITests/Info.plist;
				LD_RUNPATH_SEARCH_PATHS = (
					"$(inherited)",
					"@executable_path/Frameworks",
					"@loader_path/Frameworks",
				);
				PRODUCT_BUNDLE_IDENTIFIER = SMLogics.Assignment3UITests;
				PRODUCT_NAME = "$(TARGET_NAME)";
				SWIFT_VERSION = 5.0;
				TARGETED_DEVICE_FAMILY = "1,2";
				TEST_TARGET_NAME = Assignment3;
			};
			name = Release;
		};
/* End XCBuildConfiguration section */

/* Begin XCConfigurationList section */
		5BEC342B24F4133A002ED5B3 /* Build configuration list for PBXProject "Assignment3" */ = {
			isa = XCConfigurationList;
			buildConfigurations = (
				5BEC345824F4133B002ED5B3 /* Debug */,
				5BEC345924F4133B002ED5B3 /* Release */,
			);
			defaultConfigurationIsVisible = 0;
			defaultConfigurationName = Release;
		};
		5BEC345A24F4133B002ED5B3 /* Build configuration list for PBXNativeTarget "Assignment3" */ = {
			isa = XCConfigurationList;
			buildConfigurations = (
				5BEC345B24F4133B002ED5B3 /* Debug */,
				5BEC345C24F4133B002ED5B3 /* Release */,
			);
			defaultConfigurationIsVisible = 0;
			defaultConfigurationName = Release;
		};
		5BEC345D24F4133B002ED5B3 /* Build configuration list for PBXNativeTarget "Assignment3Tests" */ = {
			isa = XCConfigurationList;
			buildConfigurations = (
				5BEC345E24F4133B002ED5B3 /* Debug */,
				5BEC345F24F4133B002ED5B3 /* Release */,
			);
			defaultConfigurationIsVisible = 0;
			defaultConfigurationName = Release;
		};
		5BEC346024F4133B002ED5B3 /* Build configuration list for PBXNativeTarget "Assignment3UITests" */ = {
			isa = XCConfigurationList;
			buildConfigurations = (
				5BEC346124F4133B002ED5B3 /* Debug */,
				5BEC346224F4133B002ED5B3 /* Release */,
			);
			defaultConfigurationIsVisible = 0;
			defaultConfigurationName = Release;
		};
/* End XCConfigurationList section */
	};
	rootObject = 5BEC342824F4133A002ED5B3 /* Project object */;
}
